// !$*UTF8*$!
{
	archiveVersion = 1;
	classes = {
	};
	objectVersion = 46;
	objects = {

/* Begin PBXBuildFile section */
		2D45AEB2FE2857EA1E279DBE /* Pods.framework in Frameworks */ = {isa = PBXBuildFile; fileRef = 43060C616BFDD82268783772 /* Pods.framework */; };
		380182ED1C994A6500885E91 /* Constants.swift in Sources */ = {isa = PBXBuildFile; fileRef = 380182EC1C994A6500885E91 /* Constants.swift */; };
		380182EF1C994D5100885E91 /* DataService.swift in Sources */ = {isa = PBXBuildFile; fileRef = 380182EE1C994D5100885E91 /* DataService.swift */; };
		380182F21C994E8100885E91 /* CreateAccountViewController.swift in Sources */ = {isa = PBXBuildFile; fileRef = 380182F11C994E8100885E91 /* CreateAccountViewController.swift */; };
		3808BDD71CB3A05F0033F6B0 /* SearchResultsMapViewController.swift in Sources */ = {isa = PBXBuildFile; fileRef = 3808BDD61CB3A05F0033F6B0 /* SearchResultsMapViewController.swift */; };
		381162191C9CE740007CD000 /* LoginPromptViewController.swift in Sources */ = {isa = PBXBuildFile; fileRef = 381162181C9CE740007CD000 /* LoginPromptViewController.swift */; };
		381524DB1C9D29C600A16144 /* CustomSearchViewController.swift in Sources */ = {isa = PBXBuildFile; fileRef = 381524DA1C9D29C600A16144 /* CustomSearchViewController.swift */; };
		3828086F1CB46ED800529672 /* ProfileTableViewController.swift in Sources */ = {isa = PBXBuildFile; fileRef = 3828086E1CB46ED800529672 /* ProfileTableViewController.swift */; };
		3830D54A1CC104AC00F55890 /* LaunchScreen.xib in Resources */ = {isa = PBXBuildFile; fileRef = 3830D5491CC104AC00F55890 /* LaunchScreen.xib */; };
		3830D54D1CC106F400F55890 /* FXBlurView.m in Sources */ = {isa = PBXBuildFile; fileRef = 3830D54C1CC106F400F55890 /* FXBlurView.m */; };
		38339ADE1CC0D50400AC9AAB /* userProfileViewController.swift in Sources */ = {isa = PBXBuildFile; fileRef = 38339ADD1CC0D50400AC9AAB /* userProfileViewController.swift */; };
		38339AE21CC0FA9600AC9AAB /* Images.xcassets in Resources */ = {isa = PBXBuildFile; fileRef = 38339AE11CC0FA9600AC9AAB /* Images.xcassets */; };
		385C99C81CAB6D2600AA1891 /* CustomTabBarController.swift in Sources */ = {isa = PBXBuildFile; fileRef = 385C99C71CAB6D2600AA1891 /* CustomTabBarController.swift */; };
		3860FF9D1C9636BB0095A2BF /* Main.storyboard in Resources */ = {isa = PBXBuildFile; fileRef = 3860FF9C1C9636BB0095A2BF /* Main.storyboard */; };
		3860FFAE1C9637010095A2BF /* AppDelegate.swift in Sources */ = {isa = PBXBuildFile; fileRef = 3860FF9F1C9637010095A2BF /* AppDelegate.swift */; };
		3860FFAF1C9637010095A2BF /* background.mp4 in Resources */ = {isa = PBXBuildFile; fileRef = 3860FFA01C9637010095A2BF /* background.mp4 */; };
		3860FFB01C9637010095A2BF /* CuratedSearchTableViewCell.swift in Sources */ = {isa = PBXBuildFile; fileRef = 3860FFA11C9637010095A2BF /* CuratedSearchTableViewCell.swift */; };
		3860FFB11C9637010095A2BF /* CuratedViewController.swift in Sources */ = {isa = PBXBuildFile; fileRef = 3860FFA21C9637010095A2BF /* CuratedViewController.swift */; };
		3860FFB41C9637010095A2BF /* LoginPageViewController.swift in Sources */ = {isa = PBXBuildFile; fileRef = 3860FFA51C9637010095A2BF /* LoginPageViewController.swift */; };
		3860FFB61C9637010095A2BF /* ParentSearchViewController.swift in Sources */ = {isa = PBXBuildFile; fileRef = 3860FFA71C9637010095A2BF /* ParentSearchViewController.swift */; };
		3860FFB81C9637010095A2BF /* searchResultsDetailedViewController.swift in Sources */ = {isa = PBXBuildFile; fileRef = 3860FFA91C9637010095A2BF /* searchResultsDetailedViewController.swift */; };
		3860FFB91C9637010095A2BF /* searchResultsTableViewCell.swift in Sources */ = {isa = PBXBuildFile; fileRef = 3860FFAA1C9637010095A2BF /* searchResultsTableViewCell.swift */; };
		3860FFBA1C9637010095A2BF /* searchResultsTableViewController.swift in Sources */ = {isa = PBXBuildFile; fileRef = 3860FFAB1C9637010095A2BF /* searchResultsTableViewController.swift */; };
		3860FFBB1C9637010095A2BF /* TypeOfActivityTableViewCell.swift in Sources */ = {isa = PBXBuildFile; fileRef = 3860FFAC1C9637010095A2BF /* TypeOfActivityTableViewCell.swift */; };
		3860FFBC1C9637010095A2BF /* TypeOfActivityTableViewController.swift in Sources */ = {isa = PBXBuildFile; fileRef = 3860FFAD1C9637010095A2BF /* TypeOfActivityTableViewController.swift */; };
		3860FFBE1C9637210095A2BF /* Default-568h@2x.png in Resources */ = {isa = PBXBuildFile; fileRef = 3860FFBD1C9637210095A2BF /* Default-568h@2x.png */; };
		3860FFC01C9637CB0095A2BF /* MapKit.framework in Frameworks */ = {isa = PBXBuildFile; fileRef = 3860FFBF1C9637CB0095A2BF /* MapKit.framework */; };
		38D752BF1C98FB99007387AA /* resultsContainerViewController.swift in Sources */ = {isa = PBXBuildFile; fileRef = 38D752BE1C98FB99007387AA /* resultsContainerViewController.swift */; };
/* End PBXBuildFile section */

/* Begin PBXFileReference section */
		08F4CAB79D73FA2F47DB19E3 /* Pods.debug.xcconfig */ = {isa = PBXFileReference; includeInIndex = 1; lastKnownFileType = text.xcconfig; name = Pods.debug.xcconfig; path = "Pods/Target Support Files/Pods/Pods.debug.xcconfig"; sourceTree = "<group>"; };
		380182EC1C994A6500885E91 /* Constants.swift */ = {isa = PBXFileReference; fileEncoding = 4; lastKnownFileType = sourcecode.swift; path = Constants.swift; sourceTree = "<group>"; };
		380182EE1C994D5100885E91 /* DataService.swift */ = {isa = PBXFileReference; fileEncoding = 4; lastKnownFileType = sourcecode.swift; name = DataService.swift; path = ../DataService.swift; sourceTree = "<group>"; };
		380182F11C994E8100885E91 /* CreateAccountViewController.swift */ = {isa = PBXFileReference; fileEncoding = 4; lastKnownFileType = sourcecode.swift; path = CreateAccountViewController.swift; sourceTree = "<group>"; };
		3808BDD61CB3A05F0033F6B0 /* SearchResultsMapViewController.swift */ = {isa = PBXFileReference; fileEncoding = 4; lastKnownFileType = sourcecode.swift; path = SearchResultsMapViewController.swift; sourceTree = "<group>"; };
		381162181C9CE740007CD000 /* LoginPromptViewController.swift */ = {isa = PBXFileReference; fileEncoding = 4; lastKnownFileType = sourcecode.swift; path = LoginPromptViewController.swift; sourceTree = "<group>"; };
		381524DA1C9D29C600A16144 /* CustomSearchViewController.swift */ = {isa = PBXFileReference; fileEncoding = 4; lastKnownFileType = sourcecode.swift; path = CustomSearchViewController.swift; sourceTree = "<group>"; };
		3828086E1CB46ED800529672 /* ProfileTableViewController.swift */ = {isa = PBXFileReference; fileEncoding = 4; lastKnownFileType = sourcecode.swift; path = ProfileTableViewController.swift; sourceTree = "<group>"; };
		3830D5481CC104AC00F55890 /* Base */ = {isa = PBXFileReference; lastKnownFileType = file.xib; name = Base; path = Base.lproj/LaunchScreen.xib; sourceTree = "<group>"; };
		3830D54B1CC106F400F55890 /* FXBlurView.h */ = {isa = PBXFileReference; fileEncoding = 4; lastKnownFileType = sourcecode.c.h; name = FXBlurView.h; path = "../../../../../Downloads/TB_TwitterUI-master/TB_TwitterHeader/FXBlurView.h"; sourceTree = "<group>"; };
		3830D54C1CC106F400F55890 /* FXBlurView.m */ = {isa = PBXFileReference; fileEncoding = 4; lastKnownFileType = sourcecode.c.objc; name = FXBlurView.m; path = "../../../../../Downloads/TB_TwitterUI-master/TB_TwitterHeader/FXBlurView.m"; sourceTree = "<group>"; };
		38339ADD1CC0D50400AC9AAB /* userProfileViewController.swift */ = {isa = PBXFileReference; fileEncoding = 4; lastKnownFileType = sourcecode.swift; path = userProfileViewController.swift; sourceTree = "<group>"; };
		38339AE11CC0FA9600AC9AAB /* Images.xcassets */ = {isa = PBXFileReference; lastKnownFileType = folder.assetcatalog; path = Images.xcassets; sourceTree = "<group>"; };
		385C99C71CAB6D2600AA1891 /* CustomTabBarController.swift */ = {isa = PBXFileReference; fileEncoding = 4; lastKnownFileType = sourcecode.swift; path = CustomTabBarController.swift; sourceTree = "<group>"; };
		3860FF851C9635FA0095A2BF /* PocketDistrict.app */ = {isa = PBXFileReference; explicitFileType = wrapper.application; includeInIndex = 0; path = PocketDistrict.app; sourceTree = BUILT_PRODUCTS_DIR; };
		3860FF9C1C9636BB0095A2BF /* Main.storyboard */ = {isa = PBXFileReference; fileEncoding = 4; lastKnownFileType = file.storyboard; path = Main.storyboard; sourceTree = "<group>"; };
		3860FF9E1C9637000095A2BF /* PocketDistrict-Bridging-Header.h */ = {isa = PBXFileReference; lastKnownFileType = sourcecode.c.h; path = "PocketDistrict-Bridging-Header.h"; sourceTree = SOURCE_ROOT; };
		3860FF9F1C9637010095A2BF /* AppDelegate.swift */ = {isa = PBXFileReference; fileEncoding = 4; lastKnownFileType = sourcecode.swift; name = AppDelegate.swift; path = ../AppDelegate.swift; sourceTree = "<group>"; };
		3860FFA01C9637010095A2BF /* background.mp4 */ = {isa = PBXFileReference; lastKnownFileType = file; name = background.mp4; path = ../background.mp4; sourceTree = "<group>"; };
		3860FFA11C9637010095A2BF /* CuratedSearchTableViewCell.swift */ = {isa = PBXFileReference; fileEncoding = 4; lastKnownFileType = sourcecode.swift; name = CuratedSearchTableViewCell.swift; path = ../CuratedSearchTableViewCell.swift; sourceTree = "<group>"; };
		3860FFA21C9637010095A2BF /* CuratedViewController.swift */ = {isa = PBXFileReference; fileEncoding = 4; lastKnownFileType = sourcecode.swift; name = CuratedViewController.swift; path = ../CuratedViewController.swift; sourceTree = "<group>"; };
		3860FFA51C9637010095A2BF /* LoginPageViewController.swift */ = {isa = PBXFileReference; fileEncoding = 4; lastKnownFileType = sourcecode.swift; name = LoginPageViewController.swift; path = ../LoginPageViewController.swift; sourceTree = "<group>"; };
		3860FFA71C9637010095A2BF /* ParentSearchViewController.swift */ = {isa = PBXFileReference; fileEncoding = 4; lastKnownFileType = sourcecode.swift; name = ParentSearchViewController.swift; path = ../ParentSearchViewController.swift; sourceTree = "<group>"; };
		3860FFA91C9637010095A2BF /* searchResultsDetailedViewController.swift */ = {isa = PBXFileReference; fileEncoding = 4; lastKnownFileType = sourcecode.swift; name = searchResultsDetailedViewController.swift; path = ../searchResultsDetailedViewController.swift; sourceTree = "<group>"; };
		3860FFAA1C9637010095A2BF /* searchResultsTableViewCell.swift */ = {isa = PBXFileReference; fileEncoding = 4; lastKnownFileType = sourcecode.swift; name = searchResultsTableViewCell.swift; path = ../searchResultsTableViewCell.swift; sourceTree = "<group>"; };
		3860FFAB1C9637010095A2BF /* searchResultsTableViewController.swift */ = {isa = PBXFileReference; fileEncoding = 4; lastKnownFileType = sourcecode.swift; name = searchResultsTableViewController.swift; path = ../searchResultsTableViewController.swift; sourceTree = "<group>"; };
		3860FFAC1C9637010095A2BF /* TypeOfActivityTableViewCell.swift */ = {isa = PBXFileReference; fileEncoding = 4; lastKnownFileType = sourcecode.swift; name = TypeOfActivityTableViewCell.swift; path = ../TypeOfActivityTableViewCell.swift; sourceTree = "<group>"; };
		3860FFAD1C9637010095A2BF /* TypeOfActivityTableViewController.swift */ = {isa = PBXFileReference; fileEncoding = 4; lastKnownFileType = sourcecode.swift; name = TypeOfActivityTableViewController.swift; path = ../TypeOfActivityTableViewController.swift; sourceTree = "<group>"; };
		3860FFBD1C9637210095A2BF /* Default-568h@2x.png */ = {isa = PBXFileReference; lastKnownFileType = image.png; path = "Default-568h@2x.png"; sourceTree = "<group>"; };
		3860FFBF1C9637CB0095A2BF /* MapKit.framework */ = {isa = PBXFileReference; lastKnownFileType = wrapper.framework; name = MapKit.framework; path = System/Library/Frameworks/MapKit.framework; sourceTree = SDKROOT; };
		38D752BE1C98FB99007387AA /* resultsContainerViewController.swift */ = {isa = PBXFileReference; fileEncoding = 4; lastKnownFileType = sourcecode.swift; path = resultsContainerViewController.swift; sourceTree = "<group>"; };
		43060C616BFDD82268783772 /* Pods.framework */ = {isa = PBXFileReference; explicitFileType = wrapper.framework; includeInIndex = 0; path = Pods.framework; sourceTree = BUILT_PRODUCTS_DIR; };
		7CCE6ACA4EB7BA80F4610199 /* Pods.release.xcconfig */ = {isa = PBXFileReference; includeInIndex = 1; lastKnownFileType = text.xcconfig; name = Pods.release.xcconfig; path = "Pods/Target Support Files/Pods/Pods.release.xcconfig"; sourceTree = "<group>"; };
/* End PBXFileReference section */

/* Begin PBXFrameworksBuildPhase section */
		3860FF821C9635FA0095A2BF /* Frameworks */ = {
			isa = PBXFrameworksBuildPhase;
			buildActionMask = 2147483647;
			files = (
				3860FFC01C9637CB0095A2BF /* MapKit.framework in Frameworks */,
				2D45AEB2FE2857EA1E279DBE /* Pods.framework in Frameworks */,
			);
			runOnlyForDeploymentPostprocessing = 0;
		};
/* End PBXFrameworksBuildPhase section */

/* Begin PBXGroup section */
		380182EA1C9949DD00885E91 /* Controller */ = {
			isa = PBXGroup;
			children = (
				3860FFA51C9637010095A2BF /* LoginPageViewController.swift */,
				381162181C9CE740007CD000 /* LoginPromptViewController.swift */,
				380182F11C994E8100885E91 /* CreateAccountViewController.swift */,
				3860FFA21C9637010095A2BF /* CuratedViewController.swift */,
				3860FFAD1C9637010095A2BF /* TypeOfActivityTableViewController.swift */,
				3860FFA71C9637010095A2BF /* ParentSearchViewController.swift */,
				3860FFAB1C9637010095A2BF /* searchResultsTableViewController.swift */,
				3860FFA91C9637010095A2BF /* searchResultsDetailedViewController.swift */,
				38D752BE1C98FB99007387AA /* resultsContainerViewController.swift */,
				381524DA1C9D29C600A16144 /* CustomSearchViewController.swift */,
				385C99C71CAB6D2600AA1891 /* CustomTabBarController.swift */,
				3808BDD61CB3A05F0033F6B0 /* SearchResultsMapViewController.swift */,
				3828086E1CB46ED800529672 /* ProfileTableViewController.swift */,
				38339ADD1CC0D50400AC9AAB /* userProfileViewController.swift */,
			);
			name = Controller;
			sourceTree = "<group>";
		};
		380182EB1C994A0300885E91 /* View */ = {
			isa = PBXGroup;
			children = (
				3860FFA11C9637010095A2BF /* CuratedSearchTableViewCell.swift */,
				3860FFAA1C9637010095A2BF /* searchResultsTableViewCell.swift */,
				3860FFAC1C9637010095A2BF /* TypeOfActivityTableViewCell.swift */,
			);
			name = View;
			sourceTree = "<group>";
		};
		380182F01C994D5A00885E91 /* Services */ = {
			isa = PBXGroup;
			children = (
				3830D54B1CC106F400F55890 /* FXBlurView.h */,
				3830D54C1CC106F400F55890 /* FXBlurView.m */,
				380182EE1C994D5100885E91 /* DataService.swift */,
			);
			name = Services;
			sourceTree = "<group>";
		};
		3860FF7C1C9635FA0095A2BF = {
			isa = PBXGroup;
			children = (
				3860FFBF1C9637CB0095A2BF /* MapKit.framework */,
				3860FFBD1C9637210095A2BF /* Default-568h@2x.png */,
				3860FF871C9635FA0095A2BF /* PocketDistrict */,
				3860FF861C9635FA0095A2BF /* Products */,
				7EBE77379EF635A95A47B1E7 /* Pods */,
				F1673D40F090905A540D4CEA /* Frameworks */,
			);
			sourceTree = "<group>";
		};
		3860FF861C9635FA0095A2BF /* Products */ = {
			isa = PBXGroup;
			children = (
				3860FF851C9635FA0095A2BF /* PocketDistrict.app */,
			);
			name = Products;
			sourceTree = "<group>";
		};
		3860FF871C9635FA0095A2BF /* PocketDistrict */ = {
			isa = PBXGroup;
			children = (
				380182F01C994D5A00885E91 /* Services */,
				380182EC1C994A6500885E91 /* Constants.swift */,
				3860FF9F1C9637010095A2BF /* AppDelegate.swift */,
				3860FFA01C9637010095A2BF /* background.mp4 */,
				380182EB1C994A0300885E91 /* View */,
				380182EA1C9949DD00885E91 /* Controller */,
				3860FF9E1C9637000095A2BF /* PocketDistrict-Bridging-Header.h */,
				3830D5491CC104AC00F55890 /* LaunchScreen.xib */,
				3860FF9C1C9636BB0095A2BF /* Main.storyboard */,
				38339AE11CC0FA9600AC9AAB /* Images.xcassets */,
			);
			path = PocketDistrict;
			sourceTree = "<group>";
		};
		7EBE77379EF635A95A47B1E7 /* Pods */ = {
			isa = PBXGroup;
			children = (
				08F4CAB79D73FA2F47DB19E3 /* Pods.debug.xcconfig */,
				7CCE6ACA4EB7BA80F4610199 /* Pods.release.xcconfig */,
			);
			name = Pods;
			sourceTree = "<group>";
		};
		F1673D40F090905A540D4CEA /* Frameworks */ = {
			isa = PBXGroup;
			children = (
				43060C616BFDD82268783772 /* Pods.framework */,
			);
			name = Frameworks;
			sourceTree = "<group>";
		};
/* End PBXGroup section */

/* Begin PBXNativeTarget section */
		3860FF841C9635FA0095A2BF /* PocketDistrict */ = {
			isa = PBXNativeTarget;
			buildConfigurationList = 3860FF991C9635FA0095A2BF /* Build configuration list for PBXNativeTarget "PocketDistrict" */;
			buildPhases = (
				3E65BD5704376A8320FC8BFE /* Check Pods Manifest.lock */,
				3860FF811C9635FA0095A2BF /* Sources */,
				3860FF821C9635FA0095A2BF /* Frameworks */,
				3860FF831C9635FA0095A2BF /* Resources */,
				27039E7B2084DCEA7112513B /* Embed Pods Frameworks */,
				517C75A14032E02BE8893ED0 /* Copy Pods Resources */,
			);
			buildRules = (
			);
			dependencies = (
			);
			name = PocketDistrict;
			productName = PocketDistrict;
			productReference = 3860FF851C9635FA0095A2BF /* PocketDistrict.app */;
			productType = "com.apple.product-type.application";
		};
/* End PBXNativeTarget section */

/* Begin PBXProject section */
		3860FF7D1C9635FA0095A2BF /* Project object */ = {
			isa = PBXProject;
			attributes = {
				LastSwiftUpdateCheck = 0720;
				LastUpgradeCheck = 0720;
				ORGANIZATIONNAME = "Victor Frolov";
				TargetAttributes = {
					3860FF841C9635FA0095A2BF = {
						CreatedOnToolsVersion = 7.2.1;
						DevelopmentTeam = WZGKH83WEV;
						SystemCapabilities = {
							com.apple.Maps.iOS = {
								enabled = 1;
							};
						};
					};
				};
			};
			buildConfigurationList = 3860FF801C9635FA0095A2BF /* Build configuration list for PBXProject "PocketDistrict" */;
			compatibilityVersion = "Xcode 3.2";
			developmentRegion = English;
			hasScannedForEncodings = 0;
			knownRegions = (
				en,
				Base,
			);
			mainGroup = 3860FF7C1C9635FA0095A2BF;
			productRefGroup = 3860FF861C9635FA0095A2BF /* Products */;
			projectDirPath = "";
			projectRoot = "";
			targets = (
				3860FF841C9635FA0095A2BF /* PocketDistrict */,
			);
		};
/* End PBXProject section */

/* Begin PBXResourcesBuildPhase section */
		3860FF831C9635FA0095A2BF /* Resources */ = {
			isa = PBXResourcesBuildPhase;
			buildActionMask = 2147483647;
			files = (
				3830D54A1CC104AC00F55890 /* LaunchScreen.xib in Resources */,
				3860FFAF1C9637010095A2BF /* background.mp4 in Resources */,
				38339AE21CC0FA9600AC9AAB /* Images.xcassets in Resources */,
				3860FF9D1C9636BB0095A2BF /* Main.storyboard in Resources */,
				3860FFBE1C9637210095A2BF /* Default-568h@2x.png in Resources */,
			);
			runOnlyForDeploymentPostprocessing = 0;
		};
/* End PBXResourcesBuildPhase section */

/* Begin PBXShellScriptBuildPhase section */
		27039E7B2084DCEA7112513B /* Embed Pods Frameworks */ = {
			isa = PBXShellScriptBuildPhase;
			buildActionMask = 2147483647;
			files = (
			);
			inputPaths = (
			);
			name = "Embed Pods Frameworks";
			outputPaths = (
			);
			runOnlyForDeploymentPostprocessing = 0;
			shellPath = /bin/sh;
			shellScript = "\"${SRCROOT}/Pods/Target Support Files/Pods/Pods-frameworks.sh\"\n";
			showEnvVarsInLog = 0;
		};
		3E65BD5704376A8320FC8BFE /* Check Pods Manifest.lock */ = {
			isa = PBXShellScriptBuildPhase;
			buildActionMask = 2147483647;
			files = (
			);
			inputPaths = (
			);
			name = "Check Pods Manifest.lock";
			outputPaths = (
			);
			runOnlyForDeploymentPostprocessing = 0;
			shellPath = /bin/sh;
			shellScript = "diff \"${PODS_ROOT}/../Podfile.lock\" \"${PODS_ROOT}/Manifest.lock\" > /dev/null\nif [[ $? != 0 ]] ; then\n    cat << EOM\nerror: The sandbox is not in sync with the Podfile.lock. Run 'pod install' or update your CocoaPods installation.\nEOM\n    exit 1\nfi\n";
			showEnvVarsInLog = 0;
		};
		517C75A14032E02BE8893ED0 /* Copy Pods Resources */ = {
			isa = PBXShellScriptBuildPhase;
			buildActionMask = 2147483647;
			files = (
			);
			inputPaths = (
			);
			name = "Copy Pods Resources";
			outputPaths = (
			);
			runOnlyForDeploymentPostprocessing = 0;
			shellPath = /bin/sh;
			shellScript = "\"${SRCROOT}/Pods/Target Support Files/Pods/Pods-resources.sh\"\n";
			showEnvVarsInLog = 0;
		};
/* End PBXShellScriptBuildPhase section */

/* Begin PBXSourcesBuildPhase section */
		3860FF811C9635FA0095A2BF /* Sources */ = {
			isa = PBXSourcesBuildPhase;
			buildActionMask = 2147483647;
			files = (
				380182F21C994E8100885E91 /* CreateAccountViewController.swift in Sources */,
				3860FFB01C9637010095A2BF /* CuratedSearchTableViewCell.swift in Sources */,
				3830D54D1CC106F400F55890 /* FXBlurView.m in Sources */,
				380182EF1C994D5100885E91 /* DataService.swift in Sources */,
				381162191C9CE740007CD000 /* LoginPromptViewController.swift in Sources */,
				381524DB1C9D29C600A16144 /* CustomSearchViewController.swift in Sources */,
				3860FFBB1C9637010095A2BF /* TypeOfActivityTableViewCell.swift in Sources */,
				3828086F1CB46ED800529672 /* ProfileTableViewController.swift in Sources */,
				3860FFAE1C9637010095A2BF /* AppDelegate.swift in Sources */,
				385C99C81CAB6D2600AA1891 /* CustomTabBarController.swift in Sources */,
				38339ADE1CC0D50400AC9AAB /* userProfileViewController.swift in Sources */,
				3860FFB41C9637010095A2BF /* LoginPageViewController.swift in Sources */,
				3808BDD71CB3A05F0033F6B0 /* SearchResultsMapViewController.swift in Sources */,
				3860FFBC1C9637010095A2BF /* TypeOfActivityTableViewController.swift in Sources */,
				3860FFB91C9637010095A2BF /* searchResultsTableViewCell.swift in Sources */,
				380182ED1C994A6500885E91 /* Constants.swift in Sources */,
				38D752BF1C98FB99007387AA /* resultsContainerViewController.swift in Sources */,
				3860FFB81C9637010095A2BF /* searchResultsDetailedViewController.swift in Sources */,
				3860FFB61C9637010095A2BF /* ParentSearchViewController.swift in Sources */,
				3860FFBA1C9637010095A2BF /* searchResultsTableViewController.swift in Sources */,
				3860FFB11C9637010095A2BF /* CuratedViewController.swift in Sources */,
			);
			runOnlyForDeploymentPostprocessing = 0;
		};
/* End PBXSourcesBuildPhase section */

/* Begin PBXVariantGroup section */
		3830D5491CC104AC00F55890 /* LaunchScreen.xib */ = {
			isa = PBXVariantGroup;
			children = (
				3830D5481CC104AC00F55890 /* Base */,
			);
			name = LaunchScreen.xib;
			path = "../../../../../Downloads/TB_TwitterUI-master/TB_TwitterHeader";
			sourceTree = "<group>";
		};
/* End PBXVariantGroup section */

/* Begin XCBuildConfiguration section */
		3860FF971C9635FA0095A2BF /* Debug */ = {
			isa = XCBuildConfiguration;
			buildSettings = {
				ALWAYS_SEARCH_USER_PATHS = NO;
				CLANG_CXX_LANGUAGE_STANDARD = "gnu++0x";
				CLANG_CXX_LIBRARY = "libc++";
				CLANG_ENABLE_MODULES = YES;
				CLANG_ENABLE_OBJC_ARC = YES;
				CLANG_WARN_BOOL_CONVERSION = YES;
				CLANG_WARN_CONSTANT_CONVERSION = YES;
				CLANG_WARN_DIRECT_OBJC_ISA_USAGE = YES_ERROR;
				CLANG_WARN_EMPTY_BODY = YES;
				CLANG_WARN_ENUM_CONVERSION = YES;
				CLANG_WARN_INT_CONVERSION = YES;
				CLANG_WARN_OBJC_ROOT_CLASS = YES_ERROR;
				CLANG_WARN_UNREACHABLE_CODE = YES;
				CLANG_WARN__DUPLICATE_METHOD_MATCH = YES;
				"CODE_SIGN_IDENTITY[sdk=iphoneos*]" = "iPhone Developer";
				COPY_PHASE_STRIP = NO;
				DEBUG_INFORMATION_FORMAT = dwarf;
				ENABLE_STRICT_OBJC_MSGSEND = YES;
				ENABLE_TESTABILITY = YES;
				GCC_C_LANGUAGE_STANDARD = gnu99;
				GCC_DYNAMIC_NO_PIC = NO;
				GCC_NO_COMMON_BLOCKS = YES;
				GCC_OPTIMIZATION_LEVEL = 0;
				GCC_PREPROCESSOR_DEFINITIONS = (
					"DEBUG=1",
					"$(inherited)",
				);
				GCC_WARN_64_TO_32_BIT_CONVERSION = YES;
				GCC_WARN_ABOUT_RETURN_TYPE = YES_ERROR;
				GCC_WARN_UNDECLARED_SELECTOR = YES;
				GCC_WARN_UNINITIALIZED_AUTOS = YES_AGGRESSIVE;
				GCC_WARN_UNUSED_FUNCTION = YES;
				GCC_WARN_UNUSED_VARIABLE = YES;
				IPHONEOS_DEPLOYMENT_TARGET = 9.2;
				MTL_ENABLE_DEBUG_INFO = YES;
				ONLY_ACTIVE_ARCH = YES;
				SDKROOT = iphoneos;
				SWIFT_OPTIMIZATION_LEVEL = "-Onone";
				TARGETED_DEVICE_FAMILY = "1,2";
			};
			name = Debug;
		};
		3860FF981C9635FA0095A2BF /* Release */ = {
			isa = XCBuildConfiguration;
			buildSettings = {
				ALWAYS_SEARCH_USER_PATHS = NO;
				CLANG_CXX_LANGUAGE_STANDARD = "gnu++0x";
				CLANG_CXX_LIBRARY = "libc++";
				CLANG_ENABLE_MODULES = YES;
				CLANG_ENABLE_OBJC_ARC = YES;
				CLANG_WARN_BOOL_CONVERSION = YES;
				CLANG_WARN_CONSTANT_CONVERSION = YES;
				CLANG_WARN_DIRECT_OBJC_ISA_USAGE = YES_ERROR;
				CLANG_WARN_EMPTY_BODY = YES;
				CLANG_WARN_ENUM_CONVERSION = YES;
				CLANG_WARN_INT_CONVERSION = YES;
				CLANG_WARN_OBJC_ROOT_CLASS = YES_ERROR;
				CLANG_WARN_UNREACHABLE_CODE = YES;
				CLANG_WARN__DUPLICATE_METHOD_MATCH = YES;
				"CODE_SIGN_IDENTITY[sdk=iphoneos*]" = "iPhone Developer";
				COPY_PHASE_STRIP = NO;
				DEBUG_INFORMATION_FORMAT = "dwarf-with-dsym";
				ENABLE_NS_ASSERTIONS = NO;
				ENABLE_STRICT_OBJC_MSGSEND = YES;
				GCC_C_LANGUAGE_STANDARD = gnu99;
				GCC_NO_COMMON_BLOCKS = YES;
				GCC_WARN_64_TO_32_BIT_CONVERSION = YES;
				GCC_WARN_ABOUT_RETURN_TYPE = YES_ERROR;
				GCC_WARN_UNDECLARED_SELECTOR = YES;
				GCC_WARN_UNINITIALIZED_AUTOS = YES_AGGRESSIVE;
				GCC_WARN_UNUSED_FUNCTION = YES;
				GCC_WARN_UNUSED_VARIABLE = YES;
				IPHONEOS_DEPLOYMENT_TARGET = 9.2;
				MTL_ENABLE_DEBUG_INFO = NO;
				SDKROOT = iphoneos;
				TARGETED_DEVICE_FAMILY = "1,2";
				VALIDATE_PRODUCT = YES;
			};
			name = Release;
		};
		3860FF9A1C9635FA0095A2BF /* Debug */ = {
			isa = XCBuildConfiguration;
			baseConfigurationReference = 08F4CAB79D73FA2F47DB19E3 /* Pods.debug.xcconfig */;
			buildSettings = {
				ASSETCATALOG_COMPILER_APPICON_NAME = AppIcon;
				ASSETCATALOG_COMPILER_LAUNCHIMAGE_NAME = "Brand Assets";
				CLANG_ENABLE_MODULES = YES;
				INFOPLIST_FILE = PocketDistrict/Info.plist;
				LD_RUNPATH_SEARCH_PATHS = "$(inherited) @executable_path/Frameworks";
				PRODUCT_BUNDLE_IDENTIFIER = com.BlindfoldProductions.PocketDistrict;
				PRODUCT_NAME = "$(TARGET_NAME)";
				SWIFT_OBJC_BRIDGING_HEADER = "PocketDistrict-Bridging-Header.h";
				SWIFT_OPTIMIZATION_LEVEL = "-Onone";
			};
			name = Debug;
		};
		3860FF9B1C9635FA0095A2BF /* Release */ = {
			isa = XCBuildConfiguration;
			baseConfigurationReference = 7CCE6ACA4EB7BA80F4610199 /* Pods.release.xcconfig */;
			buildSettings = {
				ASSETCATALOG_COMPILER_APPICON_NAME = AppIcon;
				ASSETCATALOG_COMPILER_LAUNCHIMAGE_NAME = "Brand Assets";
				CLANG_ENABLE_MODULES = YES;
				INFOPLIST_FILE = PocketDistrict/Info.plist;
				LD_RUNPATH_SEARCH_PATHS = "$(inherited) @executable_path/Frameworks";
				PRODUCT_BUNDLE_IDENTIFIER = com.BlindfoldProductions.PocketDistrict;
				PRODUCT_NAME = "$(TARGET_NAME)";
				SWIFT_OBJC_BRIDGING_HEADER = "PocketDistrict-Bridging-Header.h";
			};
			name = Release;
		};
/* End XCBuildConfiguration section */

/* Begin XCConfigurationList section */
		3860FF801C9635FA0095A2BF /* Build configuration list for PBXProject "PocketDistrict" */ = {
			isa = XCConfigurationList;
			buildConfigurations = (
				3860FF971C9635FA0095A2BF /* Debug */,
				3860FF981C9635FA0095A2BF /* Release */,
			);
			defaultConfigurationIsVisible = 0;
			defaultConfigurationName = Release;
		};
		3860FF991C9635FA0095A2BF /* Build configuration list for PBXNativeTarget "PocketDistrict" */ = {
			isa = XCConfigurationList;
			buildConfigurations = (
				3860FF9A1C9635FA0095A2BF /* Debug */,
				3860FF9B1C9635FA0095A2BF /* Release */,
			);
			defaultConfigurationIsVisible = 0;
			defaultConfigurationName = Release;
		};
/* End XCConfigurationList section */
	};
	rootObject = 3860FF7D1C9635FA0095A2BF /* Project object */;
}
